
Microsoft Visual Studio Solution File, Format Version 12.00
# Visual Studio Version 16
VisualStudioVersion = 16.0.31515.178
MinimumVisualStudioVersion = 10.0.40219.1
Project("{FAE04EC0-301F-11D3-BF4B-00C04F79EFBC}") = "Electrification.ABB.SDK.Device.Data", "Electrification.ABB.SDK.Device.Data.csproj", "{2A1A93F3-B945-4113-8640-7EBA26F05068}"
EndProject
Global
	GlobalSection(SolutionConfigurationPlatforms) = preSolution
		Debug|Any CPU = Debug|Any CPU
		Release|Any CPU = Release|Any CPU
	EndGlobalSection
	GlobalSection(ProjectConfigurationPlatforms) = postSolution
		{2A1A93F3-B945-4113-8640-7EBA26F05068}.Debug|Any CPU.ActiveCfg = Debug|Any CPU
		{2A1A93F3-B945-4113-8640-7EBA26F05068}.Debug|Any CPU.Build.0 = Debug|Any CPU
		{2A1A93F3-B945-4113-8640-7EBA26F05068}.Release|Any CPU.ActiveCfg = Release|Any CPU
		{2A1A93F3-B945-4113-8640-7EBA26F05068}.Release|Any CPU.Build.0 = Release|Any CPU
	EndGlobalSection
	GlobalSection(SolutionProperties) = preSolution
		HideSolutionNode = FALSE
	EndGlobalSection
	GlobalSection(ExtensibilityGlobals) = postSolution
		SolutionGuid = {B1F52B1A-F88C-4B11-8D54-10A7369A8CAD}
	EndGlobalSection
EndGlobal
